PODS:
  - CHCSVParser (2.1.0)
  - Cosmos (19.0.3)
  - Crashlytics (3.13.1):
    - Fabric (~> 1.10.1)
  - DZNEmptyDataSet (1.8.1)
  - Eureka (5.0.0)
  - Fabric (1.10.1)
  - Firebase/Core (6.0.0):
    - Firebase/CoreOnly
    - FirebaseAnalytics (= 6.0.0)
  - Firebase/CoreOnly (6.0.0):
    - FirebaseCore (= 6.0.0)
  - FirebaseAnalytics (6.0.0):
    - FirebaseCore (~> 6.0)
    - FirebaseInstanceID (~> 4.0)
    - GoogleAppMeasurement (= 6.0.0)
    - GoogleUtilities/AppDelegateSwizzler (~> 6.0)
    - GoogleUtilities/MethodSwizzler (~> 6.0)
    - GoogleUtilities/Network (~> 6.0)
    - "GoogleUtilities/NSData+zlib (~> 6.0)"
    - nanopb (~> 0.3)
  - FirebaseCore (6.0.0):
    - GoogleUtilities/Environment (~> 6.0)
    - GoogleUtilities/Logger (~> 6.0)
  - FirebaseInstanceID (4.0.0):
    - FirebaseCore (~> 6.0)
    - GoogleUtilities/Environment (~> 6.0)
    - GoogleUtilities/UserDefaults (~> 6.0)
  - GoogleAppMeasurement (6.0.0):
    - GoogleUtilities/AppDelegateSwizzler (~> 6.0)
    - GoogleUtilities/MethodSwizzler (~> 6.0)
    - GoogleUtilities/Network (~> 6.0)
    - "GoogleUtilities/NSData+zlib (~> 6.0)"
    - nanopb (~> 0.3)
  - GoogleUtilities/AppDelegateSwizzler (6.1.0):
    - GoogleUtilities/Environment
    - GoogleUtilities/Logger
    - GoogleUtilities/Network
  - GoogleUtilities/Environment (6.1.0)
  - GoogleUtilities/Logger (6.1.0):
    - GoogleUtilities/Environment
  - GoogleUtilities/MethodSwizzler (6.1.0):
    - GoogleUtilities/Logger
  - GoogleUtilities/Network (6.1.0):
    - GoogleUtilities/Logger
    - "GoogleUtilities/NSData+zlib"
    - GoogleUtilities/Reachability
  - "GoogleUtilities/NSData+zlib (6.1.0)"
  - GoogleUtilities/Reachability (6.1.0):
    - GoogleUtilities/Logger
  - GoogleUtilities/UserDefaults (6.1.0):
    - GoogleUtilities/Logger
  - ImageRow (4.0.0):
    - Eureka (~> 5.0)
  - nanopb (0.3.901):
    - nanopb/decode (= 0.3.901)
    - nanopb/encode (= 0.3.901)
  - nanopb/decode (0.3.901)
  - nanopb/encode (0.3.901)
  - PromisesObjC (1.2.8)
  - PromisesSwift (1.2.8):
    - PromisesObjC (= 1.2.8)
  - SimulatorStatusMagic (2.4.1)
  - SVProgressHUD (2.2.5)
  - Swifter (1.4.6)
  - SwiftyJSON (5.0.0)
  - SwiftyStoreKit (0.15.0)

DEPENDENCIES:
  - CHCSVParser (from `https://github.com/davedelong/CHCSVParser.git`)
  - Cosmos (~> 19.0)
  - Crashlytics
  - DZNEmptyDataSet (~> 1.8)
  - Eureka (~> 5.0)
  - Fabric
  - Firebase/Core
  - ImageRow (~> 4.0)
  - PromisesSwift (~> 1.2)
  - SimulatorStatusMagic
  - SVProgressHUD (~> 2.2)
  - Swifter (from `https://github.com/httpswift/swifter.git`, branch `stable`)
  - SwiftyJSON (~> 5.0)
  - SwiftyStoreKit (~> 0.15)

SPEC REPOS:
  https://github.com/cocoapods/specs.git:
    - Cosmos
    - Crashlytics
    - DZNEmptyDataSet
    - Eureka
    - Fabric
    - Firebase
    - FirebaseAnalytics
    - FirebaseCore
    - FirebaseInstanceID
    - GoogleAppMeasurement
    - GoogleUtilities
    - ImageRow
    - nanopb
    - PromisesObjC
    - PromisesSwift
    - SimulatorStatusMagic
    - SVProgressHUD
    - SwiftyJSON
    - SwiftyStoreKit

EXTERNAL SOURCES:
  CHCSVParser:
    :git: https://github.com/davedelong/CHCSVParser.git
  Swifter:
    :branch: stable
    :git: https://github.com/httpswift/swifter.git

CHECKOUT OPTIONS:
  CHCSVParser:
    :commit: 58c701ef9eddaf48b11aa59b48f61f241d7b43f9
    :git: https://github.com/davedelong/CHCSVParser.git
  Swifter:
    :commit: 56c89eaac4473d64ebea9e13a8fbc186f75bbb53
    :git: https://github.com/httpswift/swifter.git

SPEC CHECKSUMS:
  CHCSVParser: 64da26e2b4ddbf7527f7f03120bf91d83d28f354
  Cosmos: a6fb17284281fa12cf4c85c2efecd440a215ec44
  Crashlytics: 5aa8e90dcbf2f34898b4f5a0037787531246cca0
  DZNEmptyDataSet: 9525833b9e68ac21c30253e1d3d7076cc828eaa7
  Eureka: 0f64f477ec8ef6201c6fec143d60ff5c201cf654
  Fabric: f6f21452846788bb44595d73e9909d79d328e617
  Firebase: fa80b9d987ca014a1ba9357496ef2a0178b28b12
  FirebaseAnalytics: 1743c5f4de3687d0745709dfdc4b1dea1484f44c
  FirebaseCore: e38f025287b413255a53acc1945d048a112047f7
  FirebaseInstanceID: 0e0348a3c00a734fa376a070f5ad4533ad975cb5
  GoogleAppMeasurement: 7f028ea162b72c8f326daec74afc95d94f7a47d6
  GoogleUtilities: 84df567c76ca84f67b7bb40e769fdd4acc746a10
  ImageRow: e65b2e1a33f89062bf2a553a2aad61d975eb7428
  nanopb: 2901f78ea1b7b4015c860c2fdd1ea2fee1a18d48
  PromisesObjC: c119f3cd559f50b7ae681fa59dc1acd19173b7e6
  PromisesSwift: 37bad6f4daddb02f7c9c531efe91e8b21c13ee2f
  SimulatorStatusMagic: 28d4a9d1a500ac7cea0b2b5a43c1c6ddb40ba56c
  SVProgressHUD: 1428aafac632c1f86f62aa4243ec12008d7a51d6
  Swifter: 033c024eedbaa27ff5c9c23dc64309a466fe842f
  SwiftyJSON: 36413e04c44ee145039d332b4f4e2d3e8d6c4db7
  SwiftyStoreKit: 033d06b6f87955405d3f844a18a7687c2438592a

PODFILE CHECKSUM: 1f692aa563a9d7d35045eb9c27a388cd5fe32046

COCOAPODS: 1.6.0
